
Microsoft Visual Studio Solution File, Format Version 12.00
# Visual Studio Version 17
VisualStudioVersion = 17.14.36429.23 d17.14
MinimumVisualStudioVersion = 10.0.40219.1
Project("{FAE04EC0-301F-11D3-BF4B-00C04F79EFBC}") = "Pr_1", "Pr_1.csproj", "{AB2EF1B7-AE6B-4030-A2B3-739DA4C79C59}"
EndProject
Global
	GlobalSection(SolutionConfigurationPlatforms) = preSolution
		Debug|Any CPU = Debug|Any CPU
		Release|Any CPU = Release|Any CPU
	EndGlobalSection
	GlobalSection(ProjectConfigurationPlatforms) = postSolution
		{AB2EF1B7-AE6B-4030-A2B3-739DA4C79C59}.Debug|Any CPU.ActiveCfg = Debug|Any CPU
		{AB2EF1B7-AE6B-4030-A2B3-739DA4C79C59}.Debug|Any CPU.Build.0 = Debug|Any CPU
		{AB2EF1B7-AE6B-4030-A2B3-739DA4C79C59}.Release|Any CPU.ActiveCfg = Release|Any CPU
		{AB2EF1B7-AE6B-4030-A2B3-739DA4C79C59}.Release|Any CPU.Build.0 = Release|Any CPU
	EndGlobalSection
	GlobalSection(SolutionProperties) = preSolution
		HideSolutionNode = FALSE
	EndGlobalSection
	GlobalSection(ExtensibilityGlobals) = postSolution
		SolutionGuid = {CAADAC51-67FD-4D31-93DB-C4065EE7BD89}
	EndGlobalSection
EndGlobal
